
Microsoft Visual Studio Solution File, Format Version 12.00
# Visual Studio Version 17
VisualStudioVersion = 17.9.34728.123
MinimumVisualStudioVersion = 10.0.40219.1
Project("{8BC9CEB8-8B4A-11D0-8D11-00A0C91BC942}") = "Program", "Program.vcxproj", "{BBEA896F-243C-4DBC-88B2-F3B582D8D761}"
EndProject
Project("{8BC9CEB8-8B4A-11D0-8D11-00A0C91BC942}") = "Class1th (Stream)", "..\Class1th (Stream)\Class1th (Stream).vcxproj", "{C1BC457E-DDBE-4F78-8BFF-1586D0293425}"
EndProject
Project("{8BC9CEB8-8B4A-11D0-8D11-00A0C91BC942}") = "Class2th (Class)", "..\Class2th (Class)\Class2th (Class).vcxproj", "{B73966B1-490C-4D48-8AC9-5ADE1405FE53}"
EndProject
Project("{8BC9CEB8-8B4A-11D0-8D11-00A0C91BC942}") = "Class3th (Constructor & Destructor)", "..\Class3th (Constructor & Destructor)\Class3th (Constructor & Destructor).vcxproj", "{9CDC5FC6-7C61-42C7-89B2-28B8B29B9DE7}"
EndProject
Project("{8BC9CEB8-8B4A-11D0-8D11-00A0C91BC942}") = "Class4th (Inheritance)", "..\Class4th (Inheritance)\Class4th (Inheritance).vcxproj", "{EF65E9CA-E594-4C7B-8235-80E693198E31}"
EndProject
Project("{8BC9CEB8-8B4A-11D0-8D11-00A0C91BC942}") = "Class5th (Polymorphism)", "..\Class5th (Polymorphism)\Class5th (Polymorphism).vcxproj", "{C24BCE8C-9489-4FAE-83ED-0E17A28C5B60}"
EndProject
Project("{8BC9CEB8-8B4A-11D0-8D11-00A0C91BC942}") = "Class6th(Abstract)", "..\class6th(Abstract)\class6th(Abstract).vcxproj", "{3107E6F7-D652-400D-AE38-F7226744F76D}"
EndProject
Project("{8BC9CEB8-8B4A-11D0-8D11-00A0C91BC942}") = "Class7th(encapsulation)", "..\class7th(encapsulation)\class7th(encapsulation).vcxproj", "{77A69DD3-1275-4A80-BD90-D288C3A9D51D}"
EndProject
Project("{8BC9CEB8-8B4A-11D0-8D11-00A0C91BC942}") = "Class8th(Template)", "..\Class8th(Template)\Class8th(Template).vcxproj", "{FE4513BE-8C5A-453F-A058-EFAA4B03F0D1}"
EndProject
Project("{8BC9CEB8-8B4A-11D0-8D11-00A0C91BC942}") = "Class9th(smartpointer)", "..\Class9th(smartpointer)\Class9th(smartpointer).vcxproj", "{A1F066BD-B193-4C7F-A4C6-810474695418}"
EndProject
Project("{8BC9CEB8-8B4A-11D0-8D11-00A0C91BC942}") = "Class10th(thread)", "..\Class10th(thread)\Class10th(thread).vcxproj", "{41308990-F65E-4E6E-8E34-B7EACE84D566}"
EndProject
Project("{8BC9CEB8-8B4A-11D0-8D11-00A0C91BC942}") = "Class11th(linear container)", "..\Class11th(linear container)\Class11th(linear container).vcxproj", "{D3A101D6-86D2-463A-B0C3-C77270D48E2D}"
EndProject
Global
	GlobalSection(SolutionConfigurationPlatforms) = preSolution
		Debug|x64 = Debug|x64
		Debug|x86 = Debug|x86
		Release|x64 = Release|x64
		Release|x86 = Release|x86
	EndGlobalSection
	GlobalSection(ProjectConfigurationPlatforms) = postSolution
		{BBEA896F-243C-4DBC-88B2-F3B582D8D761}.Debug|x64.ActiveCfg = Debug|x64
		{BBEA896F-243C-4DBC-88B2-F3B582D8D761}.Debug|x64.Build.0 = Debug|x64
		{BBEA896F-243C-4DBC-88B2-F3B582D8D761}.Debug|x86.ActiveCfg = Debug|Win32
		{BBEA896F-243C-4DBC-88B2-F3B582D8D761}.Debug|x86.Build.0 = Debug|Win32
		{BBEA896F-243C-4DBC-88B2-F3B582D8D761}.Release|x64.ActiveCfg = Release|x64
		{BBEA896F-243C-4DBC-88B2-F3B582D8D761}.Release|x64.Build.0 = Release|x64
		{BBEA896F-243C-4DBC-88B2-F3B582D8D761}.Release|x86.ActiveCfg = Release|Win32
		{BBEA896F-243C-4DBC-88B2-F3B582D8D761}.Release|x86.Build.0 = Release|Win32
		{C1BC457E-DDBE-4F78-8BFF-1586D0293425}.Debug|x64.ActiveCfg = Debug|x64
		{C1BC457E-DDBE-4F78-8BFF-1586D0293425}.Debug|x64.Build.0 = Debug|x64
		{C1BC457E-DDBE-4F78-8BFF-1586D0293425}.Debug|x86.ActiveCfg = Debug|Win32
		{C1BC457E-DDBE-4F78-8BFF-1586D0293425}.Debug|x86.Build.0 = Debug|Win32
		{C1BC457E-DDBE-4F78-8BFF-1586D0293425}.Release|x64.ActiveCfg = Release|x64
		{C1BC457E-DDBE-4F78-8BFF-1586D0293425}.Release|x64.Build.0 = Release|x64
		{C1BC457E-DDBE-4F78-8BFF-1586D0293425}.Release|x86.ActiveCfg = Release|Win32
		{C1BC457E-DDBE-4F78-8BFF-1586D0293425}.Release|x86.Build.0 = Release|Win32
		{B73966B1-490C-4D48-8AC9-5ADE1405FE53}.Debug|x64.ActiveCfg = Debug|x64
		{B73966B1-490C-4D48-8AC9-5ADE1405FE53}.Debug|x64.Build.0 = Debug|x64
		{B73966B1-490C-4D48-8AC9-5ADE1405FE53}.Debug|x86.ActiveCfg = Debug|Win32
		{B73966B1-490C-4D48-8AC9-5ADE1405FE53}.Debug|x86.Build.0 = Debug|Win32
		{B73966B1-490C-4D48-8AC9-5ADE1405FE53}.Release|x64.ActiveCfg = Release|x64
		{B73966B1-490C-4D48-8AC9-5ADE1405FE53}.Release|x64.Build.0 = Release|x64
		{B73966B1-490C-4D48-8AC9-5ADE1405FE53}.Release|x86.ActiveCfg = Release|Win32
		{B73966B1-490C-4D48-8AC9-5ADE1405FE53}.Release|x86.Build.0 = Release|Win32
		{9CDC5FC6-7C61-42C7-89B2-28B8B29B9DE7}.Debug|x64.ActiveCfg = Debug|x64
		{9CDC5FC6-7C61-42C7-89B2-28B8B29B9DE7}.Debug|x64.Build.0 = Debug|x64
		{9CDC5FC6-7C61-42C7-89B2-28B8B29B9DE7}.Debug|x86.ActiveCfg = Debug|Win32
		{9CDC5FC6-7C61-42C7-89B2-28B8B29B9DE7}.Debug|x86.Build.0 = Debug|Win32
		{9CDC5FC6-7C61-42C7-89B2-28B8B29B9DE7}.Release|x64.ActiveCfg = Release|x64
		{9CDC5FC6-7C61-42C7-89B2-28B8B29B9DE7}.Release|x64.Build.0 = Release|x64
		{9CDC5FC6-7C61-42C7-89B2-28B8B29B9DE7}.Release|x86.ActiveCfg = Release|Win32
		{9CDC5FC6-7C61-42C7-89B2-28B8B29B9DE7}.Release|x86.Build.0 = Release|Win32
		{EF65E9CA-E594-4C7B-8235-80E693198E31}.Debug|x64.ActiveCfg = Debug|x64
		{EF65E9CA-E594-4C7B-8235-80E693198E31}.Debug|x64.Build.0 = Debug|x64
		{EF65E9CA-E594-4C7B-8235-80E693198E31}.Debug|x86.ActiveCfg = Debug|Win32
		{EF65E9CA-E594-4C7B-8235-80E693198E31}.Debug|x86.Build.0 = Debug|Win32
		{EF65E9CA-E594-4C7B-8235-80E693198E31}.Release|x64.ActiveCfg = Release|x64
		{EF65E9CA-E594-4C7B-8235-80E693198E31}.Release|x64.Build.0 = Release|x64
		{EF65E9CA-E594-4C7B-8235-80E693198E31}.Release|x86.ActiveCfg = Release|Win32
		{EF65E9CA-E594-4C7B-8235-80E693198E31}.Release|x86.Build.0 = Release|Win32
		{C24BCE8C-9489-4FAE-83ED-0E17A28C5B60}.Debug|x64.ActiveCfg = Debug|x64
		{C24BCE8C-9489-4FAE-83ED-0E17A28C5B60}.Debug|x64.Build.0 = Debug|x64
		{C24BCE8C-9489-4FAE-83ED-0E17A28C5B60}.Debug|x86.ActiveCfg = Debug|Win32
		{C24BCE8C-9489-4FAE-83ED-0E17A28C5B60}.Debug|x86.Build.0 = Debug|Win32
		{C24BCE8C-9489-4FAE-83ED-0E17A28C5B60}.Release|x64.ActiveCfg = Release|x64
		{C24BCE8C-9489-4FAE-83ED-0E17A28C5B60}.Release|x64.Build.0 = Release|x64
		{C24BCE8C-9489-4FAE-83ED-0E17A28C5B60}.Release|x86.ActiveCfg = Release|Win32
		{C24BCE8C-9489-4FAE-83ED-0E17A28C5B60}.Release|x86.Build.0 = Release|Win32
		{3107E6F7-D652-400D-AE38-F7226744F76D}.Debug|x64.ActiveCfg = Debug|x64
		{3107E6F7-D652-400D-AE38-F7226744F76D}.Debug|x64.Build.0 = Debug|x64
		{3107E6F7-D652-400D-AE38-F7226744F76D}.Debug|x86.ActiveCfg = Debug|Win32
		{3107E6F7-D652-400D-AE38-F7226744F76D}.Debug|x86.Build.0 = Debug|Win32
		{3107E6F7-D652-400D-AE38-F7226744F76D}.Release|x64.ActiveCfg = Release|x64
		{3107E6F7-D652-400D-AE38-F7226744F76D}.Release|x64.Build.0 = Release|x64
		{3107E6F7-D652-400D-AE38-F7226744F76D}.Release|x86.ActiveCfg = Release|Win32
		{3107E6F7-D652-400D-AE38-F7226744F76D}.Release|x86.Build.0 = Release|Win32
		{77A69DD3-1275-4A80-BD90-D288C3A9D51D}.Debug|x64.ActiveCfg = Debug|x64
		{77A69DD3-1275-4A80-BD90-D288C3A9D51D}.Debug|x64.Build.0 = Debug|x64
		{77A69DD3-1275-4A80-BD90-D288C3A9D51D}.Debug|x86.ActiveCfg = Debug|Win32
		{77A69DD3-1275-4A80-BD90-D288C3A9D51D}.Debug|x86.Build.0 = Debug|Win32
		{77A69DD3-1275-4A80-BD90-D288C3A9D51D}.Release|x64.ActiveCfg = Release|x64
		{77A69DD3-1275-4A80-BD90-D288C3A9D51D}.Release|x64.Build.0 = Release|x64
		{77A69DD3-1275-4A80-BD90-D288C3A9D51D}.Release|x86.ActiveCfg = Release|Win32
		{77A69DD3-1275-4A80-BD90-D288C3A9D51D}.Release|x86.Build.0 = Release|Win32
		{FE4513BE-8C5A-453F-A058-EFAA4B03F0D1}.Debug|x64.ActiveCfg = Debug|x64
		{FE4513BE-8C5A-453F-A058-EFAA4B03F0D1}.Debug|x64.Build.0 = Debug|x64
		{FE4513BE-8C5A-453F-A058-EFAA4B03F0D1}.Debug|x86.ActiveCfg = Debug|Win32
		{FE4513BE-8C5A-453F-A058-EFAA4B03F0D1}.Debug|x86.Build.0 = Debug|Win32
		{FE4513BE-8C5A-453F-A058-EFAA4B03F0D1}.Release|x64.ActiveCfg = Release|x64
		{FE4513BE-8C5A-453F-A058-EFAA4B03F0D1}.Release|x64.Build.0 = Release|x64
		{FE4513BE-8C5A-453F-A058-EFAA4B03F0D1}.Release|x86.ActiveCfg = Release|Win32
		{FE4513BE-8C5A-453F-A058-EFAA4B03F0D1}.Release|x86.Build.0 = Release|Win32
		{A1F066BD-B193-4C7F-A4C6-810474695418}.Debug|x64.ActiveCfg = Debug|x64
		{A1F066BD-B193-4C7F-A4C6-810474695418}.Debug|x64.Build.0 = Debug|x64
		{A1F066BD-B193-4C7F-A4C6-810474695418}.Debug|x86.ActiveCfg = Debug|Win32
		{A1F066BD-B193-4C7F-A4C6-810474695418}.Debug|x86.Build.0 = Debug|Win32
		{A1F066BD-B193-4C7F-A4C6-810474695418}.Release|x64.ActiveCfg = Release|x64
		{A1F066BD-B193-4C7F-A4C6-810474695418}.Release|x64.Build.0 = Release|x64
		{A1F066BD-B193-4C7F-A4C6-810474695418}.Release|x86.ActiveCfg = Release|Win32
		{A1F066BD-B193-4C7F-A4C6-810474695418}.Release|x86.Build.0 = Release|Win32
		{41308990-F65E-4E6E-8E34-B7EACE84D566}.Debug|x64.ActiveCfg = Debug|x64
		{41308990-F65E-4E6E-8E34-B7EACE84D566}.Debug|x64.Build.0 = Debug|x64
		{41308990-F65E-4E6E-8E34-B7EACE84D566}.Debug|x86.ActiveCfg = Debug|Win32
		{41308990-F65E-4E6E-8E34-B7EACE84D566}.Debug|x86.Build.0 = Debug|Win32
		{41308990-F65E-4E6E-8E34-B7EACE84D566}.Release|x64.ActiveCfg = Release|x64
		{41308990-F65E-4E6E-8E34-B7EACE84D566}.Release|x64.Build.0 = Release|x64
		{41308990-F65E-4E6E-8E34-B7EACE84D566}.Release|x86.ActiveCfg = Release|Win32
		{41308990-F65E-4E6E-8E34-B7EACE84D566}.Release|x86.Build.0 = Release|Win32
		{D3A101D6-86D2-463A-B0C3-C77270D48E2D}.Debug|x64.ActiveCfg = Debug|x64
		{D3A101D6-86D2-463A-B0C3-C77270D48E2D}.Debug|x64.Build.0 = Debug|x64
		{D3A101D6-86D2-463A-B0C3-C77270D48E2D}.Debug|x86.ActiveCfg = Debug|Win32
		{D3A101D6-86D2-463A-B0C3-C77270D48E2D}.Debug|x86.Build.0 = Debug|Win32
		{D3A101D6-86D2-463A-B0C3-C77270D48E2D}.Release|x64.ActiveCfg = Release|x64
		{D3A101D6-86D2-463A-B0C3-C77270D48E2D}.Release|x64.Build.0 = Release|x64
		{D3A101D6-86D2-463A-B0C3-C77270D48E2D}.Release|x86.ActiveCfg = Release|Win32
		{D3A101D6-86D2-463A-B0C3-C77270D48E2D}.Release|x86.Build.0 = Release|Win32
	EndGlobalSection
	GlobalSection(SolutionProperties) = preSolution
		HideSolutionNode = FALSE
	EndGlobalSection
	GlobalSection(ExtensibilityGlobals) = postSolution
		SolutionGuid = {109AD060-DBC3-4293-9BF9-58D9BBF162FC}
	EndGlobalSection
EndGlobal
